
Microsoft Visual Studio Solution File, Format Version 12.00
# Visual Studio Version 16
VisualStudioVersion = 16.0.30621.155
MinimumVisualStudioVersion = 10.0.40219.1
Project("{FAE04EC0-301F-11D3-BF4B-00C04F79EFBC}") = "FizzBuzz", "FizzBuzz.csproj", "{C2A7C19B-7801-4D05-BD2A-6A855FA38141}"
EndProject
Project("{FAE04EC0-301F-11D3-BF4B-00C04F79EFBC}") = "FizzBuzzTest", "..\FizzBuzzTest\FizzBuzzTest.csproj", "{49D2EC8F-2B75-43BB-92E8-AE8A0502EA2C}"
EndProject
Global
	GlobalSection(SolutionConfigurationPlatforms) = preSolution
		Debug|Any CPU = Debug|Any CPU
		Release|Any CPU = Release|Any CPU
	EndGlobalSection
	GlobalSection(ProjectConfigurationPlatforms) = postSolution
		{C2A7C19B-7801-4D05-BD2A-6A855FA38141}.Debug|Any CPU.ActiveCfg = Debug|Any CPU
		{C2A7C19B-7801-4D05-BD2A-6A855FA38141}.Debug|Any CPU.Build.0 = Debug|Any CPU
		{C2A7C19B-7801-4D05-BD2A-6A855FA38141}.Release|Any CPU.ActiveCfg = Release|Any CPU
		{C2A7C19B-7801-4D05-BD2A-6A855FA38141}.Release|Any CPU.Build.0 = Release|Any CPU
		{49D2EC8F-2B75-43BB-92E8-AE8A0502EA2C}.Debug|Any CPU.ActiveCfg = Debug|Any CPU
		{49D2EC8F-2B75-43BB-92E8-AE8A0502EA2C}.Debug|Any CPU.Build.0 = Debug|Any CPU
		{49D2EC8F-2B75-43BB-92E8-AE8A0502EA2C}.Release|Any CPU.ActiveCfg = Release|Any CPU
		{49D2EC8F-2B75-43BB-92E8-AE8A0502EA2C}.Release|Any CPU.Build.0 = Release|Any CPU
	EndGlobalSection
	GlobalSection(SolutionProperties) = preSolution
		HideSolutionNode = FALSE
	EndGlobalSection
	GlobalSection(ExtensibilityGlobals) = postSolution
		SolutionGuid = {DD66FA6C-2ABB-47AB-A04A-6648CA509976}
	EndGlobalSection
EndGlobal
